<?xml version="1.0" encoding="utf-8"?>
<Project ToolsVersion="4.0" xmlns="http://schemas.microsoft.com/developer/msbuild/2003">
  <ItemGroup>
    <ClCompile Include="main.cpp" />
    <ClCompile Include="sdks\engine.cpp" />
    <ClCompile Include="sdks\game.cpp" />
    <ClCompile Include="cheat\cheat.cpp" />
  </ItemGroup>
  <ItemGroup>
    <ClInclude Include="globals.hpp" />
    <ClInclude Include="hooks\render.hpp" />
    <ClInclude Include="sdks\structs.hpp" />
    <ClInclude Include="sdks\engine.hpp" />
    <ClInclude Include="cheat\cheat.hpp" />
    <ClInclude Include="sdks\game.hpp" />
  </ItemGroup>
</Project>